{
  "name": "xmrig-randomx-verifier",
  "version": "0.1.0",
  "lockfileVersion": 3,
  "requires": true,
  "packages": {
    "": {
      "name": "xmrig-randomx-verifier",
      "version": "0.1.0",
      "dependencies": {
        "node-addon-api": "7.1.1",
        "randomx-hashing": "https://github.com/nssy/node-randomx-hashing/archive/e5bc20530e9aaac30f524fd0dd28ff4072ba745d.tar.gz"
      },
      "engines": {
        "node": ">=22.0.0"
      }
    },
    "node_modules/node-addon-api": {
      "version": "7.1.1",
      "resolved": "https://registry.npmjs.org/node-addon-api/-/node-addon-api-7.1.1.tgz",
      "integrity": "sha512-5m3bsyrjFWE1xf7nz7YXdN4udnVtXK6/Yfgn5qnahL6bCkf2yKt4k3nuTKAtT4r3IG8JNR2ncsIMdZuAzJjHQQ==",
      "license": "MIT"
    },
    "node_modules/randomx-hashing": {
      "version": "1.1.2",
      "resolved": "https://github.com/nssy/node-randomx-hashing/archive/e5bc20530e9aaac30f524fd0dd28ff4072ba745d.tar.gz",
      "integrity": "sha512-au3nio8zGAjKrrzGvMyHFGj2bFtemmFy6eCxU3vLaA9nTKFBBQ9kmL8Q9rqvoP04QvENTETlmCIp54CBagmdQw==",
      "license": "MIT",
      "dependencies": {
        "node-addon-api": "^7.0.0"
      },
      "engines": {
        "node": ">=12.0.0"
      }
    }
  }
}
